
Microsoft Visual Studio Solution File, Format Version 12.00
# Visual Studio Version 16
VisualStudioVersion = 16.0.32228.343
MinimumVisualStudioVersion = 10.0.40219.1
Project("{FAE04EC0-301F-11D3-BF4B-00C04F79EFBC}") = "FeedbackSystemService", "FeedbackSystemService\FeedbackSystemService.csproj", "{406791A6-13FE-4908-A46F-3C80D8E2AEC9}"
EndProject
Project("{FAE04EC0-301F-11D3-BF4B-00C04F79EFBC}") = "FeedbackSystemHost", "FeedbackSystemHost\FeedbackSystemHost.csproj", "{A341541E-50B3-4E1C-B343-E8042ABF2655}"
EndProject
Project("{FAE04EC0-301F-11D3-BF4B-00C04F79EFBC}") = "FeedbackSystemClient", "FeedbackSystemClient\FeedbackSystemClient.csproj", "{42180281-0C28-4844-A1D6-71D6069ABC9E}"
EndProject
Global
	GlobalSection(SolutionConfigurationPlatforms) = preSolution
		Debug|Any CPU = Debug|Any CPU
		Release|Any CPU = Release|Any CPU
	EndGlobalSection
	GlobalSection(ProjectConfigurationPlatforms) = postSolution
		{406791A6-13FE-4908-A46F-3C80D8E2AEC9}.Debug|Any CPU.ActiveCfg = Debug|Any CPU
		{406791A6-13FE-4908-A46F-3C80D8E2AEC9}.Debug|Any CPU.Build.0 = Debug|Any CPU
		{406791A6-13FE-4908-A46F-3C80D8E2AEC9}.Release|Any CPU.ActiveCfg = Release|Any CPU
		{406791A6-13FE-4908-A46F-3C80D8E2AEC9}.Release|Any CPU.Build.0 = Release|Any CPU
		{A341541E-50B3-4E1C-B343-E8042ABF2655}.Debug|Any CPU.ActiveCfg = Debug|Any CPU
		{A341541E-50B3-4E1C-B343-E8042ABF2655}.Debug|Any CPU.Build.0 = Debug|Any CPU
		{A341541E-50B3-4E1C-B343-E8042ABF2655}.Release|Any CPU.ActiveCfg = Release|Any CPU
		{A341541E-50B3-4E1C-B343-E8042ABF2655}.Release|Any CPU.Build.0 = Release|Any CPU
		{42180281-0C28-4844-A1D6-71D6069ABC9E}.Debug|Any CPU.ActiveCfg = Debug|Any CPU
		{42180281-0C28-4844-A1D6-71D6069ABC9E}.Debug|Any CPU.Build.0 = Debug|Any CPU
		{42180281-0C28-4844-A1D6-71D6069ABC9E}.Release|Any CPU.ActiveCfg = Release|Any CPU
		{42180281-0C28-4844-A1D6-71D6069ABC9E}.Release|Any CPU.Build.0 = Release|Any CPU
	EndGlobalSection
	GlobalSection(SolutionProperties) = preSolution
		HideSolutionNode = FALSE
	EndGlobalSection
	GlobalSection(ExtensibilityGlobals) = postSolution
		SolutionGuid = {EE1E7DCF-0E11-41C6-A91C-86266BF2B0BB}
	EndGlobalSection
EndGlobal
